<?xml version="1.0" encoding="utf-8"?>
<Project ToolsVersion="4.0" xmlns="http://schemas.microsoft.com/developer/msbuild/2003">
  <ItemGroup>
    <Filter Include="1: Header Files">
      <UniqueIdentifier>{93995380-89BD-4b04-88EB-625FBE52EBFB}</UniqueIdentifier>
      <Extensions>h;hh;hpp;hxx;h++;hm;inl;inc;ipp;xsd</Extensions>
    </Filter>
    <Filter Include="2: Source Files">
      <UniqueIdentifier>{4FC737F1-C7A5-4376-A066-2A32D752A2FF}</UniqueIdentifier>
      <Extensions>cpp;c;cc;cxx;c++;cppm;ixx;def;odl;idl;hpj;bat;asm;asmx</Extensions>
    </Filter>
    <Filter Include="3: Other Files">
      <UniqueIdentifier>{f2134f97-b901-449e-9615-d984cfd4aa62}</UniqueIdentifier>
    </Filter>
    <Filter Include="4: Utility Files">
      <UniqueIdentifier>{d9147557-b58f-4aa1-83d0-8cfa1ae19a00}</UniqueIdentifier>
    </Filter>
    <Filter Include="4: Utility Files\1: Header Files">
      <UniqueIdentifier>{b3805ccf-62ee-4e88-8fe3-7707a936dc74}</UniqueIdentifier>
    </Filter>
    <Filter Include="4: Utility Files\2: Source Files">
      <UniqueIdentifier>{5d5e6c11-d2fb-467b-aea6-8462ad23ea0e}</UniqueIdentifier>
    </Filter>
  </ItemGroup>
  <ItemGroup>
    <ClCompile Include="src\engine.cpp">
      <Filter>2: Source Files</Filter>
    </ClCompile>
    <ClCompile Include="src\main.cpp">
      <Filter>2: Source Files</Filter>
    </ClCompile>
    <ClCompile Include="src\mixer.cpp">
      <Filter>2: Source Files</Filter>
    </ClCompile>
    <ClCompile Include="src\renderer.cpp">
      <Filter>2: Source Files</Filter>
    </ClCompile>
    <ClCompile Include="src\window.cpp">
      <Filter>2: Source Files</Filter>
    </ClCompile>
    <ClCompile Include="src\texture.cpp">
      <Filter>2: Source Files</Filter>
    </ClCompile>
    <ClCompile Include="src\input.cpp">
      <Filter>2: Source Files</Filter>
    </ClCompile>
    <ClCompile Include="src\utility\timer.cpp">
      <Filter>4: Utility Files\2: Source Files</Filter>
    </ClCompile>
    <ClCompile Include="src\entity.cpp">
      <Filter>2: Source Files</Filter>
    </ClCompile>
    <ClCompile Include="src\animated_texture.cpp">
      <Filter>2: Source Files</Filter>
    </ClCompile>
    <ClCompile Include="src\text.cpp">
      <Filter>2: Source Files</Filter>
    </ClCompile>
    <ClCompile Include="src\surface.cpp">
      <Filter>2: Source Files</Filter>
    </ClCompile>
    <ClCompile Include="src\font.cpp">
      <Filter>2: Source Files</Filter>
    </ClCompile>
    <ClCompile Include="src\music.cpp">
      <Filter>2: Source Files</Filter>
    </ClCompile>
  </ItemGroup>
  <ItemGroup>
    <ClInclude Include="src\engine.h">
      <Filter>1: Header Files</Filter>
    </ClInclude>
    <ClInclude Include="src\globals.h">
      <Filter>1: Header Files</Filter>
    </ClInclude>
    <ClInclude Include="src\mixer.h">
      <Filter>1: Header Files</Filter>
    </ClInclude>
    <ClInclude Include="src\renderer.h">
      <Filter>1: Header Files</Filter>
    </ClInclude>
    <ClInclude Include="src\window.h">
      <Filter>1: Header Files</Filter>
    </ClInclude>
    <ClInclude Include="src\texture.h">
      <Filter>1: Header Files</Filter>
    </ClInclude>
    <ClInclude Include="src\input.h">
      <Filter>1: Header Files</Filter>
    </ClInclude>
    <ClInclude Include="src\settings.h">
      <Filter>3: Other Files</Filter>
    </ClInclude>
    <ClInclude Include="src\macros.h">
      <Filter>3: Other Files</Filter>
    </ClInclude>
    <ClInclude Include="src\types.h">
      <Filter>3: Other Files</Filter>
    </ClInclude>
    <ClInclude Include="src\utility\algorithm.h">
      <Filter>4: Utility Files\1: Header Files</Filter>
    </ClInclude>
    <ClInclude Include="src\utility\bitset.h">
      <Filter>4: Utility Files\1: Header Files</Filter>
    </ClInclude>
    <ClInclude Include="src\utility\concepts.h">
      <Filter>4: Utility Files\1: Header Files</Filter>
    </ClInclude>
    <ClInclude Include="src\utility\slider.h">
      <Filter>4: Utility Files\1: Header Files</Filter>
    </ClInclude>
    <ClInclude Include="src\utility\timer.h">
      <Filter>4: Utility Files\1: Header Files</Filter>
    </ClInclude>
    <ClInclude Include="src\entity.h">
      <Filter>1: Header Files</Filter>
    </ClInclude>
    <ClInclude Include="src\animated_texture.h">
      <Filter>1: Header Files</Filter>
    </ClInclude>
    <ClInclude Include="src\text.h">
      <Filter>1: Header Files</Filter>
    </ClInclude>
    <ClInclude Include="src\surface.h">
      <Filter>1: Header Files</Filter>
    </ClInclude>
    <ClInclude Include="src\font.h">
      <Filter>1: Header Files</Filter>
    </ClInclude>
    <ClInclude Include="src\utility\string.h">
      <Filter>4: Utility Files\1: Header Files</Filter>
    </ClInclude>
    <ClInclude Include="src\utility\capsule.h">
      <Filter>4: Utility Files\1: Header Files</Filter>
    </ClInclude>
    <ClInclude Include="src\music.h">
      <Filter>1: Header Files</Filter>
    </ClInclude>
  </ItemGroup>
  <ItemGroup>
    <None Include="cpp.hint" />
  </ItemGroup>
</Project>